
Microsoft Visual Studio Solution File, Format Version 12.00
# Visual Studio Version 16
VisualStudioVersion = 16.0.31112.23
MinimumVisualStudioVersion = 10.0.40219.1
Project("{FAE04EC0-301F-11D3-BF4B-00C04F79EFBC}") = "APBD5", "APBD5.csproj", "{C741BFCC-1DC4-41B6-88C1-FEA1ED0530A4}"
EndProject
Global
	GlobalSection(SolutionConfigurationPlatforms) = preSolution
		Debug|Any CPU = Debug|Any CPU
		Release|Any CPU = Release|Any CPU
	EndGlobalSection
	GlobalSection(ProjectConfigurationPlatforms) = postSolution
		{C741BFCC-1DC4-41B6-88C1-FEA1ED0530A4}.Debug|Any CPU.ActiveCfg = Debug|Any CPU
		{C741BFCC-1DC4-41B6-88C1-FEA1ED0530A4}.Debug|Any CPU.Build.0 = Debug|Any CPU
		{C741BFCC-1DC4-41B6-88C1-FEA1ED0530A4}.Release|Any CPU.ActiveCfg = Release|Any CPU
		{C741BFCC-1DC4-41B6-88C1-FEA1ED0530A4}.Release|Any CPU.Build.0 = Release|Any CPU
	EndGlobalSection
	GlobalSection(SolutionProperties) = preSolution
		HideSolutionNode = FALSE
	EndGlobalSection
	GlobalSection(ExtensibilityGlobals) = postSolution
		SolutionGuid = {C3F279E6-ABD5-47E7-89EC-B9188FB7E65A}
	EndGlobalSection
EndGlobal
